
Microsoft Visual Studio Solution File, Format Version 12.00
# Visual Studio Version 16
VisualStudioVersion = 16.0.30621.155
MinimumVisualStudioVersion = 10.0.40219.1
Project("{FAE04EC0-301F-11D3-BF4B-00C04F79EFBC}") = "GameJam", "GameJam\GameJam.csproj", "{A19E6526-F790-4EA2-A240-6793EAB3795D}"
EndProject
Global
	GlobalSection(SolutionConfigurationPlatforms) = preSolution
		Debug|Any CPU = Debug|Any CPU
		Release|Any CPU = Release|Any CPU
	EndGlobalSection
	GlobalSection(ProjectConfigurationPlatforms) = postSolution
		{A19E6526-F790-4EA2-A240-6793EAB3795D}.Debug|Any CPU.ActiveCfg = Debug|Any CPU
		{A19E6526-F790-4EA2-A240-6793EAB3795D}.Debug|Any CPU.Build.0 = Debug|Any CPU
		{A19E6526-F790-4EA2-A240-6793EAB3795D}.Release|Any CPU.ActiveCfg = Release|Any CPU
		{A19E6526-F790-4EA2-A240-6793EAB3795D}.Release|Any CPU.Build.0 = Release|Any CPU
	EndGlobalSection
	GlobalSection(SolutionProperties) = preSolution
		HideSolutionNode = FALSE
	EndGlobalSection
	GlobalSection(ExtensibilityGlobals) = postSolution
		SolutionGuid = {D41FB828-087C-4392-9248-AEA3FAC66CA8}
	EndGlobalSection
EndGlobal
